<?xml version="1.0" encoding="utf-8"?>
<Project ToolsVersion="4.0" xmlns="http://schemas.microsoft.com/developer/msbuild/2003">
  <ItemGroup>
    <Filter Include="Source Files">
      <UniqueIdentifier>{4FC737F1-C7A5-4376-A066-2A32D752A2FF}</UniqueIdentifier>
      <Extensions>cpp;c;cc;cxx;c++;cppm;ixx;def;odl;idl;hpj;bat;asm;asmx</Extensions>
    </Filter>
    <Filter Include="Header Files">
      <UniqueIdentifier>{93995380-89BD-4b04-88EB-625FBE52EBFB}</UniqueIdentifier>
      <Extensions>h;hh;hpp;hxx;h++;hm;inl;inc;ipp;xsd</Extensions>
    </Filter>
    <Filter Include="Resource Files">
      <UniqueIdentifier>{67DA6AB6-F800-4c08-8B7A-83BB121AAD01}</UniqueIdentifier>
      <Extensions>rc;ico;cur;bmp;dlg;rc2;rct;bin;rgs;gif;jpg;jpeg;jpe;resx;tiff;tif;png;wav;mfcribbon-ms</Extensions>
    </Filter>
    <Filter Include="Source Files\Engine">
      <UniqueIdentifier>{6b8b25a9-95e8-44e2-997a-a01a785deb8a}</UniqueIdentifier>
    </Filter>
  </ItemGroup>
  <ItemGroup>
    <ClCompile Include="src\main.cpp">
      <Filter>Source Files</Filter>
    </ClCompile>
    <ClCompile Include="src\game\movement_controller.cpp">
      <Filter>Source Files</Filter>
    </ClCompile>
    <ClCompile Include="src\game\systems\RenderingSystem.cpp">
      <Filter>Source Files</Filter>
    </ClCompile>
    <ClCompile Include="src\game\main_game.cpp">
      <Filter>Source Files</Filter>
    </ClCompile>
    <ClCompile Include="VkRenderer\engine\headers\VulkanBuffer.cpp">
      <Filter>Source Files</Filter>
    </ClCompile>
    <ClCompile Include="VkRenderer\engine\headers\VulkanCamera.cpp">
      <Filter>Source Files</Filter>
    </ClCompile>
    <ClCompile Include="VkRenderer\engine\headers\VulkanDescriptors.cpp">
      <Filter>Source Files</Filter>
    </ClCompile>
    <ClCompile Include="VkRenderer\renderer\headers\VulkanDevice.cpp">
      <Filter>Source Files</Filter>
    </ClCompile>
    <ClCompile Include="VkRenderer\engine\headers\VulkanModel.cpp">
      <Filter>Source Files</Filter>
    </ClCompile>
    <ClCompile Include="VkRenderer\engine\headers\VulkanObject.cpp">
      <Filter>Source Files</Filter>
    </ClCompile>
    <ClCompile Include="VkRenderer\renderer\headers\VulkanPipeline.cpp">
      <Filter>Source Files</Filter>
    </ClCompile>
    <ClCompile Include="VkRenderer\engine\headers\VulkanRenderer.cpp">
      <Filter>Source Files</Filter>
    </ClCompile>
    <ClCompile Include="VkRenderer\renderer\headers\VulkanSwapChain.cpp">
      <Filter>Source Files</Filter>
    </ClCompile>
    <ClCompile Include="VkRenderer\engine\headers\VulkanWindow.cpp">
      <Filter>Source Files</Filter>
    </ClCompile>
    <ClCompile Include="src\game\systems\PointLightSystem.cpp">
      <Filter>Source Files</Filter>
    </ClCompile>
    <ClCompile Include="VkRenderer\engine\headers\VulkanTexture.cpp">
      <Filter>Source Files</Filter>
    </ClCompile>
  </ItemGroup>
  <ItemGroup>
    <None Include="VkRenderer\engine\assets\shaders\shader.vert" />
    <None Include="VkRenderer\engine\assets\shaders\shader.frag" />
    <None Include="VkRenderer\engine\assets\shaders\compile.bat">
      <Filter>Source Files</Filter>
    </None>
    <None Include="VkRenderer\engine\assets\shaders\point_light.frag" />
    <None Include="VkRenderer\engine\assets\shaders\point_light.vert" />
  </ItemGroup>
  <ItemGroup>
    <ClInclude Include="VkRenderer\engine\headers\VulkanWindow.hpp">
      <Filter>Header Files</Filter>
    </ClInclude>
    <ClInclude Include="src\game\movement_controller.hpp">
      <Filter>Header Files</Filter>
    </ClInclude>
    <ClInclude Include="src\game\systems\RenderingSystem.hpp">
      <Filter>Header Files</Filter>
    </ClInclude>
    <ClInclude Include="src\game\main_game.hpp">
      <Filter>Header Files</Filter>
    </ClInclude>
    <ClInclude Include="VkRenderer\engine\headers\VulkanBuffer.hpp">
      <Filter>Header Files</Filter>
    </ClInclude>
    <ClInclude Include="VkRenderer\engine\headers\VulkanCamera.hpp">
      <Filter>Header Files</Filter>
    </ClInclude>
    <ClInclude Include="VkRenderer\engine\headers\VulkanDescriptors.hpp">
      <Filter>Header Files</Filter>
    </ClInclude>
    <ClInclude Include="VkRenderer\renderer\headers\VulkanDevice.hpp">
      <Filter>Header Files</Filter>
    </ClInclude>
    <ClInclude Include="VkRenderer\engine\headers\VulkanFrameInfo.hpp">
      <Filter>Header Files</Filter>
    </ClInclude>
    <ClInclude Include="VkRenderer\engine\headers\VulkanModel.hpp">
      <Filter>Header Files</Filter>
    </ClInclude>
    <ClInclude Include="VkRenderer\engine\headers\VulkanObject.h">
      <Filter>Header Files</Filter>
    </ClInclude>
    <ClInclude Include="VkRenderer\renderer\headers\VulkanPipeline.hpp">
      <Filter>Header Files</Filter>
    </ClInclude>
    <ClInclude Include="VkRenderer\engine\headers\VulkanRenderer.hpp">
      <Filter>Header Files</Filter>
    </ClInclude>
    <ClInclude Include="VkRenderer\renderer\headers\VulkanSwapChain.hpp">
      <Filter>Header Files</Filter>
    </ClInclude>
    <ClInclude Include="VkRenderer\engine\headers\VulkanUtils.hpp">
      <Filter>Header Files</Filter>
    </ClInclude>
    <ClInclude Include="src\game\systems\PointLightSystem.hpp">
      <Filter>Header Files</Filter>
    </ClInclude>
    <ClInclude Include="VkRenderer\engine\headers\VulkanTexture.hpp">
      <Filter>Header Files</Filter>
    </ClInclude>
  </ItemGroup>
</Project>